
Microsoft Visual Studio Solution File, Format Version 12.00
# Visual Studio 16
Project("{FAE04EC0-301F-11D3-BF4B-00C04F79EFBC}") = "Assembly-CSharp", "Assembly-CSharp.csproj", "{3D36AC2A-029C-6A64-A3E1-B98C6B44C7C1}"
EndProject
Project("{FAE04EC0-301F-11D3-BF4B-00C04F79EFBC}") = "Assembly-CSharp-Editor", "Assembly-CSharp-Editor.csproj", "{416C8A58-4048-5521-B05A-02FB3CFC0B14}"
EndProject
Global
	GlobalSection(SolutionConfigurationPlatforms) = preSolution
		Debug|Any CPU = Debug|Any CPU
		Release|Any CPU = Release|Any CPU
	EndGlobalSection
	GlobalSection(ProjectConfigurationPlatforms) = postSolution
		{3D36AC2A-029C-6A64-A3E1-B98C6B44C7C1}.Debug|Any CPU.ActiveCfg = Debug|Any CPU
		{3D36AC2A-029C-6A64-A3E1-B98C6B44C7C1}.Debug|Any CPU.Build.0 = Debug|Any CPU
		{3D36AC2A-029C-6A64-A3E1-B98C6B44C7C1}.Release|Any CPU.ActiveCfg = Release|Any CPU
		{3D36AC2A-029C-6A64-A3E1-B98C6B44C7C1}.Release|Any CPU.Build.0 = Release|Any CPU
		{416C8A58-4048-5521-B05A-02FB3CFC0B14}.Debug|Any CPU.ActiveCfg = Debug|Any CPU
		{416C8A58-4048-5521-B05A-02FB3CFC0B14}.Debug|Any CPU.Build.0 = Debug|Any CPU
		{416C8A58-4048-5521-B05A-02FB3CFC0B14}.Release|Any CPU.ActiveCfg = Release|Any CPU
		{416C8A58-4048-5521-B05A-02FB3CFC0B14}.Release|Any CPU.Build.0 = Release|Any CPU
	EndGlobalSection
	GlobalSection(SolutionProperties) = preSolution
		HideSolutionNode = FALSE
	EndGlobalSection
EndGlobal
